
Microsoft Visual Studio Solution File, Format Version 12.00
# Visual Studio Version 17
VisualStudioVersion = 17.6.33723.286
MinimumVisualStudioVersion = 10.0.40219.1
Project("{FAE04EC0-301F-11D3-BF4B-00C04F79EFBC}") = "task 3", "task 3\task 3.csproj", "{6790C257-B39B-4CC2-83E0-CF39F21830B9}"
EndProject
Global
	GlobalSection(SolutionConfigurationPlatforms) = preSolution
		Debug|Any CPU = Debug|Any CPU
		Release|Any CPU = Release|Any CPU
	EndGlobalSection
	GlobalSection(ProjectConfigurationPlatforms) = postSolution
		{6790C257-B39B-4CC2-83E0-CF39F21830B9}.Debug|Any CPU.ActiveCfg = Debug|Any CPU
		{6790C257-B39B-4CC2-83E0-CF39F21830B9}.Debug|Any CPU.Build.0 = Debug|Any CPU
		{6790C257-B39B-4CC2-83E0-CF39F21830B9}.Release|Any CPU.ActiveCfg = Release|Any CPU
		{6790C257-B39B-4CC2-83E0-CF39F21830B9}.Release|Any CPU.Build.0 = Release|Any CPU
	EndGlobalSection
	GlobalSection(SolutionProperties) = preSolution
		HideSolutionNode = FALSE
	EndGlobalSection
	GlobalSection(ExtensibilityGlobals) = postSolution
		SolutionGuid = {782ACE5F-43A7-496F-B667-F8CB3BDCB311}
	EndGlobalSection
EndGlobal
